
Microsoft Visual Studio Solution File, Format Version 12.00
Project("{FAE04EC0-301F-11D3-BF4B-00C04F79EFBC}") = "01DayOfWeek", "01DayOfWeek\01DayOfWeek.csproj", "{7B4E52AD-3129-4577-BE30-A38EF10DFF97}"
EndProject
Project("{FAE04EC0-301F-11D3-BF4B-00C04F79EFBC}") = "02WeekendOrWorkingDay", "02WeekendOrWorkingDay\02WeekendOrWorkingDay.csproj", "{79DFAE01-948A-4578-96C9-06DFC7930AFA}"
EndProject
Project("{FAE04EC0-301F-11D3-BF4B-00C04F79EFBC}") = "03AnimalType", "03AnimalType\03AnimalType.csproj", "{9A8D8F30-1C4D-4A34-A46B-D1DBD83CB95B}"
EndProject
Project("{FAE04EC0-301F-11D3-BF4B-00C04F79EFBC}") = "04PersonalTitles", "04PersonalTitles\04PersonalTitles.csproj", "{F30A0853-61EE-4602-A0AA-F5770E4931EA}"
EndProject
Project("{FAE04EC0-301F-11D3-BF4B-00C04F79EFBC}") = "05SmallShop", "05SmallShop\05SmallShop.csproj", "{6529E230-0149-4C0F-97BB-07B042A90DFE}"
EndProject
Project("{FAE04EC0-301F-11D3-BF4B-00C04F79EFBC}") = "06NumberInRange", "06NumberInRange\06NumberInRange.csproj", "{F4DB7699-3D61-4A39-A6B2-FF9EFD3F93D7}"
EndProject
Project("{FAE04EC0-301F-11D3-BF4B-00C04F79EFBC}") = "07WorkingHours", "07WorkingHours\07WorkingHours.csproj", "{56CD096B-2F0A-4B52-BBEB-74ECDBE2D22F}"
EndProject
Global
	GlobalSection(SolutionConfigurationPlatforms) = preSolution
		Debug|Any CPU = Debug|Any CPU
		Release|Any CPU = Release|Any CPU
	EndGlobalSection
	GlobalSection(ProjectConfigurationPlatforms) = postSolution
		{7B4E52AD-3129-4577-BE30-A38EF10DFF97}.Debug|Any CPU.ActiveCfg = Debug|Any CPU
		{7B4E52AD-3129-4577-BE30-A38EF10DFF97}.Debug|Any CPU.Build.0 = Debug|Any CPU
		{7B4E52AD-3129-4577-BE30-A38EF10DFF97}.Release|Any CPU.ActiveCfg = Release|Any CPU
		{7B4E52AD-3129-4577-BE30-A38EF10DFF97}.Release|Any CPU.Build.0 = Release|Any CPU
		{79DFAE01-948A-4578-96C9-06DFC7930AFA}.Debug|Any CPU.ActiveCfg = Debug|Any CPU
		{79DFAE01-948A-4578-96C9-06DFC7930AFA}.Debug|Any CPU.Build.0 = Debug|Any CPU
		{79DFAE01-948A-4578-96C9-06DFC7930AFA}.Release|Any CPU.ActiveCfg = Release|Any CPU
		{79DFAE01-948A-4578-96C9-06DFC7930AFA}.Release|Any CPU.Build.0 = Release|Any CPU
		{9A8D8F30-1C4D-4A34-A46B-D1DBD83CB95B}.Debug|Any CPU.ActiveCfg = Debug|Any CPU
		{9A8D8F30-1C4D-4A34-A46B-D1DBD83CB95B}.Debug|Any CPU.Build.0 = Debug|Any CPU
		{9A8D8F30-1C4D-4A34-A46B-D1DBD83CB95B}.Release|Any CPU.ActiveCfg = Release|Any CPU
		{9A8D8F30-1C4D-4A34-A46B-D1DBD83CB95B}.Release|Any CPU.Build.0 = Release|Any CPU
		{F30A0853-61EE-4602-A0AA-F5770E4931EA}.Debug|Any CPU.ActiveCfg = Debug|Any CPU
		{F30A0853-61EE-4602-A0AA-F5770E4931EA}.Debug|Any CPU.Build.0 = Debug|Any CPU
		{F30A0853-61EE-4602-A0AA-F5770E4931EA}.Release|Any CPU.ActiveCfg = Release|Any CPU
		{F30A0853-61EE-4602-A0AA-F5770E4931EA}.Release|Any CPU.Build.0 = Release|Any CPU
		{6529E230-0149-4C0F-97BB-07B042A90DFE}.Debug|Any CPU.ActiveCfg = Debug|Any CPU
		{6529E230-0149-4C0F-97BB-07B042A90DFE}.Debug|Any CPU.Build.0 = Debug|Any CPU
		{6529E230-0149-4C0F-97BB-07B042A90DFE}.Release|Any CPU.ActiveCfg = Release|Any CPU
		{6529E230-0149-4C0F-97BB-07B042A90DFE}.Release|Any CPU.Build.0 = Release|Any CPU
		{F4DB7699-3D61-4A39-A6B2-FF9EFD3F93D7}.Debug|Any CPU.ActiveCfg = Debug|Any CPU
		{F4DB7699-3D61-4A39-A6B2-FF9EFD3F93D7}.Debug|Any CPU.Build.0 = Debug|Any CPU
		{F4DB7699-3D61-4A39-A6B2-FF9EFD3F93D7}.Release|Any CPU.ActiveCfg = Release|Any CPU
		{F4DB7699-3D61-4A39-A6B2-FF9EFD3F93D7}.Release|Any CPU.Build.0 = Release|Any CPU
		{56CD096B-2F0A-4B52-BBEB-74ECDBE2D22F}.Debug|Any CPU.ActiveCfg = Debug|Any CPU
		{56CD096B-2F0A-4B52-BBEB-74ECDBE2D22F}.Debug|Any CPU.Build.0 = Debug|Any CPU
		{56CD096B-2F0A-4B52-BBEB-74ECDBE2D22F}.Release|Any CPU.ActiveCfg = Release|Any CPU
		{56CD096B-2F0A-4B52-BBEB-74ECDBE2D22F}.Release|Any CPU.Build.0 = Release|Any CPU
	EndGlobalSection
EndGlobal
