
Microsoft Visual Studio Solution File, Format Version 12.00
Project("{FAE04EC0-301F-11D3-BF4B-00C04F79EFBC}") = "01ExcellentResult", "01ExcellentResult\01ExcellentResult.csproj", "{763EAE41-B7E5-47B0-8CDF-B529AF6DC1B1}"
EndProject
Project("{FAE04EC0-301F-11D3-BF4B-00C04F79EFBC}") = "02GreaterNumber", "02GreaterNumber\02GreaterNumber.csproj", "{64ADC524-CE4A-45E1-B364-77E2542A70BC}"
EndProject
Project("{FAE04EC0-301F-11D3-BF4B-00C04F79EFBC}") = "03EvenorOdd", "03EvenorOdd\03EvenorOdd.csproj", "{B6EFD4F5-EFE8-44C3-83B6-B00256926B94}"
EndProject
Project("{FAE04EC0-301F-11D3-BF4B-00C04F79EFBC}") = "04PasswordGuess", "04PasswordGuess\04PasswordGuess.csproj", "{63B0E752-404C-4872-A415-FF04938854AD}"
EndProject
Project("{FAE04EC0-301F-11D3-BF4B-00C04F79EFBC}") = "Number100to200", "Number100to200\Number100to200.csproj", "{C90367B4-2979-4A18-8011-EAAD17D722C9}"
EndProject
Project("{FAE04EC0-301F-11D3-BF4B-00C04F79EFBC}") = "06SpeedInfo", "06SpeedInfo\06SpeedInfo.csproj", "{791B3737-CBE2-4E58-B5C3-EB12D093AAAB}"
EndProject
Global
	GlobalSection(SolutionConfigurationPlatforms) = preSolution
		Debug|Any CPU = Debug|Any CPU
		Release|Any CPU = Release|Any CPU
	EndGlobalSection
	GlobalSection(ProjectConfigurationPlatforms) = postSolution
		{763EAE41-B7E5-47B0-8CDF-B529AF6DC1B1}.Debug|Any CPU.ActiveCfg = Debug|Any CPU
		{763EAE41-B7E5-47B0-8CDF-B529AF6DC1B1}.Debug|Any CPU.Build.0 = Debug|Any CPU
		{763EAE41-B7E5-47B0-8CDF-B529AF6DC1B1}.Release|Any CPU.ActiveCfg = Release|Any CPU
		{763EAE41-B7E5-47B0-8CDF-B529AF6DC1B1}.Release|Any CPU.Build.0 = Release|Any CPU
		{64ADC524-CE4A-45E1-B364-77E2542A70BC}.Debug|Any CPU.ActiveCfg = Debug|Any CPU
		{64ADC524-CE4A-45E1-B364-77E2542A70BC}.Debug|Any CPU.Build.0 = Debug|Any CPU
		{64ADC524-CE4A-45E1-B364-77E2542A70BC}.Release|Any CPU.ActiveCfg = Release|Any CPU
		{64ADC524-CE4A-45E1-B364-77E2542A70BC}.Release|Any CPU.Build.0 = Release|Any CPU
		{B6EFD4F5-EFE8-44C3-83B6-B00256926B94}.Debug|Any CPU.ActiveCfg = Debug|Any CPU
		{B6EFD4F5-EFE8-44C3-83B6-B00256926B94}.Debug|Any CPU.Build.0 = Debug|Any CPU
		{B6EFD4F5-EFE8-44C3-83B6-B00256926B94}.Release|Any CPU.ActiveCfg = Release|Any CPU
		{B6EFD4F5-EFE8-44C3-83B6-B00256926B94}.Release|Any CPU.Build.0 = Release|Any CPU
		{63B0E752-404C-4872-A415-FF04938854AD}.Debug|Any CPU.ActiveCfg = Debug|Any CPU
		{63B0E752-404C-4872-A415-FF04938854AD}.Debug|Any CPU.Build.0 = Debug|Any CPU
		{63B0E752-404C-4872-A415-FF04938854AD}.Release|Any CPU.ActiveCfg = Release|Any CPU
		{63B0E752-404C-4872-A415-FF04938854AD}.Release|Any CPU.Build.0 = Release|Any CPU
		{C90367B4-2979-4A18-8011-EAAD17D722C9}.Debug|Any CPU.ActiveCfg = Debug|Any CPU
		{C90367B4-2979-4A18-8011-EAAD17D722C9}.Debug|Any CPU.Build.0 = Debug|Any CPU
		{C90367B4-2979-4A18-8011-EAAD17D722C9}.Release|Any CPU.ActiveCfg = Release|Any CPU
		{C90367B4-2979-4A18-8011-EAAD17D722C9}.Release|Any CPU.Build.0 = Release|Any CPU
		{791B3737-CBE2-4E58-B5C3-EB12D093AAAB}.Debug|Any CPU.ActiveCfg = Debug|Any CPU
		{791B3737-CBE2-4E58-B5C3-EB12D093AAAB}.Debug|Any CPU.Build.0 = Debug|Any CPU
		{791B3737-CBE2-4E58-B5C3-EB12D093AAAB}.Release|Any CPU.ActiveCfg = Release|Any CPU
		{791B3737-CBE2-4E58-B5C3-EB12D093AAAB}.Release|Any CPU.Build.0 = Release|Any CPU
	EndGlobalSection
EndGlobal
