
Microsoft Visual Studio Solution File, Format Version 12.00
Project("{FAE04EC0-301F-11D3-BF4B-00C04F79EFBC}") = "USDtoBGN", "USDtoBGN\USDtoBGN.csproj", "{76F25AFA-63EA-460E-9AA4-9E523CBFC40C}"
EndProject
Project("{FAE04EC0-301F-11D3-BF4B-00C04F79EFBC}") = "02RadiansToDegrees", "02RadiansToDegrees\02RadiansToDegrees.csproj", "{7A9A2DB0-B431-48ED-8ACE-567A3BF97778}"
EndProject
Project("{FAE04EC0-301F-11D3-BF4B-00C04F79EFBC}") = "03DepositCalculator", "03DepositCalculator\03DepositCalculator.csproj", "{8C88253A-AC7D-41A7-9B72-7F843248C84F}"
EndProject
Project("{FAE04EC0-301F-11D3-BF4B-00C04F79EFBC}") = "04VacationBooksList", "04VacationBooksList\04VacationBooksList.csproj", "{E5F216B4-DFF6-4DAC-99FF-65E024F268BA}"
EndProject
Project("{FAE04EC0-301F-11D3-BF4B-00C04F79EFBC}") = "05SuppliesforSchool", "05SuppliesforSchool\05SuppliesforSchool.csproj", "{2D3B23C7-81C3-4CD6-9E7E-10138F5BAFB7}"
EndProject
Project("{FAE04EC0-301F-11D3-BF4B-00C04F79EFBC}") = "FoodDelivery", "FoodDelivery\FoodDelivery.csproj", "{95F7E0AA-3AB4-473F-B7C5-FF30C842E9D3}"
EndProject
Project("{FAE04EC0-301F-11D3-BF4B-00C04F79EFBC}") = "06Repainting", "06Repainting\06Repainting.csproj", "{85F84EBF-6343-4AB1-A67E-6AB97391B396}"
EndProject
Project("{FAE04EC0-301F-11D3-BF4B-00C04F79EFBC}") = "08BasketballEquipment", "08BasketballEquipment\08BasketballEquipment.csproj", "{80FE858B-DDA8-4FAE-AF44-2360C599616F}"
EndProject
Global
	GlobalSection(SolutionConfigurationPlatforms) = preSolution
		Debug|Any CPU = Debug|Any CPU
		Release|Any CPU = Release|Any CPU
	EndGlobalSection
	GlobalSection(ProjectConfigurationPlatforms) = postSolution
		{76F25AFA-63EA-460E-9AA4-9E523CBFC40C}.Debug|Any CPU.ActiveCfg = Debug|Any CPU
		{76F25AFA-63EA-460E-9AA4-9E523CBFC40C}.Debug|Any CPU.Build.0 = Debug|Any CPU
		{76F25AFA-63EA-460E-9AA4-9E523CBFC40C}.Release|Any CPU.ActiveCfg = Release|Any CPU
		{76F25AFA-63EA-460E-9AA4-9E523CBFC40C}.Release|Any CPU.Build.0 = Release|Any CPU
		{7A9A2DB0-B431-48ED-8ACE-567A3BF97778}.Debug|Any CPU.ActiveCfg = Debug|Any CPU
		{7A9A2DB0-B431-48ED-8ACE-567A3BF97778}.Debug|Any CPU.Build.0 = Debug|Any CPU
		{7A9A2DB0-B431-48ED-8ACE-567A3BF97778}.Release|Any CPU.ActiveCfg = Release|Any CPU
		{7A9A2DB0-B431-48ED-8ACE-567A3BF97778}.Release|Any CPU.Build.0 = Release|Any CPU
		{8C88253A-AC7D-41A7-9B72-7F843248C84F}.Debug|Any CPU.ActiveCfg = Debug|Any CPU
		{8C88253A-AC7D-41A7-9B72-7F843248C84F}.Debug|Any CPU.Build.0 = Debug|Any CPU
		{8C88253A-AC7D-41A7-9B72-7F843248C84F}.Release|Any CPU.ActiveCfg = Release|Any CPU
		{8C88253A-AC7D-41A7-9B72-7F843248C84F}.Release|Any CPU.Build.0 = Release|Any CPU
		{E5F216B4-DFF6-4DAC-99FF-65E024F268BA}.Debug|Any CPU.ActiveCfg = Debug|Any CPU
		{E5F216B4-DFF6-4DAC-99FF-65E024F268BA}.Debug|Any CPU.Build.0 = Debug|Any CPU
		{E5F216B4-DFF6-4DAC-99FF-65E024F268BA}.Release|Any CPU.ActiveCfg = Release|Any CPU
		{E5F216B4-DFF6-4DAC-99FF-65E024F268BA}.Release|Any CPU.Build.0 = Release|Any CPU
		{2D3B23C7-81C3-4CD6-9E7E-10138F5BAFB7}.Debug|Any CPU.ActiveCfg = Debug|Any CPU
		{2D3B23C7-81C3-4CD6-9E7E-10138F5BAFB7}.Debug|Any CPU.Build.0 = Debug|Any CPU
		{2D3B23C7-81C3-4CD6-9E7E-10138F5BAFB7}.Release|Any CPU.ActiveCfg = Release|Any CPU
		{2D3B23C7-81C3-4CD6-9E7E-10138F5BAFB7}.Release|Any CPU.Build.0 = Release|Any CPU
		{95F7E0AA-3AB4-473F-B7C5-FF30C842E9D3}.Debug|Any CPU.ActiveCfg = Debug|Any CPU
		{95F7E0AA-3AB4-473F-B7C5-FF30C842E9D3}.Debug|Any CPU.Build.0 = Debug|Any CPU
		{95F7E0AA-3AB4-473F-B7C5-FF30C842E9D3}.Release|Any CPU.ActiveCfg = Release|Any CPU
		{95F7E0AA-3AB4-473F-B7C5-FF30C842E9D3}.Release|Any CPU.Build.0 = Release|Any CPU
		{85F84EBF-6343-4AB1-A67E-6AB97391B396}.Debug|Any CPU.ActiveCfg = Debug|Any CPU
		{85F84EBF-6343-4AB1-A67E-6AB97391B396}.Debug|Any CPU.Build.0 = Debug|Any CPU
		{85F84EBF-6343-4AB1-A67E-6AB97391B396}.Release|Any CPU.ActiveCfg = Release|Any CPU
		{85F84EBF-6343-4AB1-A67E-6AB97391B396}.Release|Any CPU.Build.0 = Release|Any CPU
		{80FE858B-DDA8-4FAE-AF44-2360C599616F}.Debug|Any CPU.ActiveCfg = Debug|Any CPU
		{80FE858B-DDA8-4FAE-AF44-2360C599616F}.Debug|Any CPU.Build.0 = Debug|Any CPU
		{80FE858B-DDA8-4FAE-AF44-2360C599616F}.Release|Any CPU.ActiveCfg = Release|Any CPU
		{80FE858B-DDA8-4FAE-AF44-2360C599616F}.Release|Any CPU.Build.0 = Release|Any CPU
	EndGlobalSection
EndGlobal
