
Microsoft Visual Studio Solution File, Format Version 12.00
Project("{FAE04EC0-301F-11D3-BF4B-00C04F79EFBC}") = "01Cinema", "01Cinema\01Cinema.csproj", "{F9B1E1D5-C074-4CCC-9748-78824F56B163}"
EndProject
Project("{FAE04EC0-301F-11D3-BF4B-00C04F79EFBC}") = "02SummerOutfit", "02SummerOutfit\02SummerOutfit.csproj", "{12E2A442-3B51-4F1F-AE32-1705E4F11293}"
EndProject
Project("{FAE04EC0-301F-11D3-BF4B-00C04F79EFBC}") = "03NewHouse", "03NewHouse\03NewHouse.csproj", "{B4709DB0-DB2F-4359-BDBE-64D05D110BA1}"
EndProject
Project("{FAE04EC0-301F-11D3-BF4B-00C04F79EFBC}") = "04FishingBoat", "04FishingBoat\04FishingBoat.csproj", "{6935DF8A-78EC-4F36-89B4-5338F641FCB0}"
EndProject
Global
	GlobalSection(SolutionConfigurationPlatforms) = preSolution
		Debug|Any CPU = Debug|Any CPU
		Release|Any CPU = Release|Any CPU
	EndGlobalSection
	GlobalSection(ProjectConfigurationPlatforms) = postSolution
		{F9B1E1D5-C074-4CCC-9748-78824F56B163}.Debug|Any CPU.ActiveCfg = Debug|Any CPU
		{F9B1E1D5-C074-4CCC-9748-78824F56B163}.Debug|Any CPU.Build.0 = Debug|Any CPU
		{F9B1E1D5-C074-4CCC-9748-78824F56B163}.Release|Any CPU.ActiveCfg = Release|Any CPU
		{F9B1E1D5-C074-4CCC-9748-78824F56B163}.Release|Any CPU.Build.0 = Release|Any CPU
		{12E2A442-3B51-4F1F-AE32-1705E4F11293}.Debug|Any CPU.ActiveCfg = Debug|Any CPU
		{12E2A442-3B51-4F1F-AE32-1705E4F11293}.Debug|Any CPU.Build.0 = Debug|Any CPU
		{12E2A442-3B51-4F1F-AE32-1705E4F11293}.Release|Any CPU.ActiveCfg = Release|Any CPU
		{12E2A442-3B51-4F1F-AE32-1705E4F11293}.Release|Any CPU.Build.0 = Release|Any CPU
		{B4709DB0-DB2F-4359-BDBE-64D05D110BA1}.Debug|Any CPU.ActiveCfg = Debug|Any CPU
		{B4709DB0-DB2F-4359-BDBE-64D05D110BA1}.Debug|Any CPU.Build.0 = Debug|Any CPU
		{B4709DB0-DB2F-4359-BDBE-64D05D110BA1}.Release|Any CPU.ActiveCfg = Release|Any CPU
		{B4709DB0-DB2F-4359-BDBE-64D05D110BA1}.Release|Any CPU.Build.0 = Release|Any CPU
		{6935DF8A-78EC-4F36-89B4-5338F641FCB0}.Debug|Any CPU.ActiveCfg = Debug|Any CPU
		{6935DF8A-78EC-4F36-89B4-5338F641FCB0}.Debug|Any CPU.Build.0 = Debug|Any CPU
		{6935DF8A-78EC-4F36-89B4-5338F641FCB0}.Release|Any CPU.ActiveCfg = Release|Any CPU
		{6935DF8A-78EC-4F36-89B4-5338F641FCB0}.Release|Any CPU.Build.0 = Release|Any CPU
	EndGlobalSection
EndGlobal
